<Solution>
  <Project Path="Assembly-CSharp-firstpass.csproj" />
  <Project Path="Assembly-CSharp.csproj" />
  <Project Path="Gentleland.SteampunkUI.DemoAndExample.csproj" />
  <Project Path="Assembly-CSharp-Editor-firstpass.csproj" />
  <Project Path="Gentleland.Utils.SteampunkUI.csproj" />
</Solution>
